
Microsoft Visual Studio Solution File, Format Version 12.00
# Visual Studio Version 17
VisualStudioVersion = 17.4.33122.133
MinimumVisualStudioVersion = 10.0.40219.1
Project("{FAE04EC0-301F-11D3-BF4B-00C04F79EFBC}") = "TreeView", "TreeView\TreeView.csproj", "{780C1DCB-0757-431F-9DFA-ED88B116BED6}"
EndProject
Global
	GlobalSection(SolutionConfigurationPlatforms) = preSolution
		Debug|Any CPU = Debug|Any CPU
		Release|Any CPU = Release|Any CPU
	EndGlobalSection
	GlobalSection(ProjectConfigurationPlatforms) = postSolution
		{780C1DCB-0757-431F-9DFA-ED88B116BED6}.Debug|Any CPU.ActiveCfg = Debug|Any CPU
		{780C1DCB-0757-431F-9DFA-ED88B116BED6}.Debug|Any CPU.Build.0 = Debug|Any CPU
		{780C1DCB-0757-431F-9DFA-ED88B116BED6}.Release|Any CPU.ActiveCfg = Release|Any CPU
		{780C1DCB-0757-431F-9DFA-ED88B116BED6}.Release|Any CPU.Build.0 = Release|Any CPU
	EndGlobalSection
	GlobalSection(SolutionProperties) = preSolution
		HideSolutionNode = FALSE
	EndGlobalSection
	GlobalSection(ExtensibilityGlobals) = postSolution
		SolutionGuid = {A5552B1C-EFDE-449E-8D8A-6F9D37DBCA76}
	EndGlobalSection
EndGlobal
